// !$*UTF8*$!
{
	archiveVersion = 1;
	classes = {
	};
	objectVersion = 51;
	objects = {

/* Begin PBXBuildFile section */
		005B18A7F34B9B8FCD6178D4 /* Pods_Tokopedia_Mini_Project.framework in Frameworks */ = {isa = PBXBuildFile; fileRef = 7974D24B277FE1D7418A18A8 /* Pods_Tokopedia_Mini_Project.framework */; };
		4C1070A725419DCE00306C3E /* ProductModel.swift in Sources */ = {isa = PBXBuildFile; fileRef = 4C1070A625419DCE00306C3E /* ProductModel.swift */; };
		4C1070A92541A24700306C3E /* RequestParam.swift in Sources */ = {isa = PBXBuildFile; fileRef = 4C1070A82541A24700306C3E /* RequestParam.swift */; };
		4C1070AB2541B62100306C3E /* BaseResponse.swift in Sources */ = {isa = PBXBuildFile; fileRef = 4C1070AA2541B62100306C3E /* BaseResponse.swift */; };
		4C1070B02541DD7500306C3E /* ProductSectionController.swift in Sources */ = {isa = PBXBuildFile; fileRef = 4C1070AF2541DD7500306C3E /* ProductSectionController.swift */; };
		4C1070B32541DEB100306C3E /* ItemCollectionViewCell.swift in Sources */ = {isa = PBXBuildFile; fileRef = 4C1070B22541DEB100306C3E /* ItemCollectionViewCell.swift */; };
		4C690E0025418FDC0097E0C5 /* AppDelegate.swift in Sources */ = {isa = PBXBuildFile; fileRef = 4C690DFF25418FDC0097E0C5 /* AppDelegate.swift */; };
		4C690E0225418FDC0097E0C5 /* SceneDelegate.swift in Sources */ = {isa = PBXBuildFile; fileRef = 4C690E0125418FDC0097E0C5 /* SceneDelegate.swift */; };
		4C690E0925418FDF0097E0C5 /* Assets.xcassets in Resources */ = {isa = PBXBuildFile; fileRef = 4C690E0825418FDF0097E0C5 /* Assets.xcassets */; };
		4C690E0C25418FDF0097E0C5 /* LaunchScreen.storyboard in Resources */ = {isa = PBXBuildFile; fileRef = 4C690E0A25418FDF0097E0C5 /* LaunchScreen.storyboard */; };
		4C690E192541905F0097E0C5 /* SearchInterfaces.swift in Sources */ = {isa = PBXBuildFile; fileRef = 4C690E142541905F0097E0C5 /* SearchInterfaces.swift */; };
		4C690E1A2541905F0097E0C5 /* SearchPresenter.swift in Sources */ = {isa = PBXBuildFile; fileRef = 4C690E152541905F0097E0C5 /* SearchPresenter.swift */; };
		4C690E1B2541905F0097E0C5 /* SearchViewController.swift in Sources */ = {isa = PBXBuildFile; fileRef = 4C690E162541905F0097E0C5 /* SearchViewController.swift */; };
		4C690E1C2541905F0097E0C5 /* SearchInteractor.swift in Sources */ = {isa = PBXBuildFile; fileRef = 4C690E172541905F0097E0C5 /* SearchInteractor.swift */; };
		4C690E1D2541905F0097E0C5 /* SearchWireframe.swift in Sources */ = {isa = PBXBuildFile; fileRef = 4C690E182541905F0097E0C5 /* SearchWireframe.swift */; };
		4C690E24254190930097E0C5 /* BaseWireframe.swift in Sources */ = {isa = PBXBuildFile; fileRef = 4C690E1F254190930097E0C5 /* BaseWireframe.swift */; };
		4C690E26254190930097E0C5 /* PresenterInterface.swift in Sources */ = {isa = PBXBuildFile; fileRef = 4C690E21254190930097E0C5 /* PresenterInterface.swift */; };
		4C690E27254190930097E0C5 /* ViewInterface.swift in Sources */ = {isa = PBXBuildFile; fileRef = 4C690E22254190930097E0C5 /* ViewInterface.swift */; };
		4C690E28254190930097E0C5 /* InteractorInterface.swift in Sources */ = {isa = PBXBuildFile; fileRef = 4C690E23254190930097E0C5 /* InteractorInterface.swift */; };
		4C93526625436A60007E7F31 /* FilterInterfaces.swift in Sources */ = {isa = PBXBuildFile; fileRef = 4C93526125436A60007E7F31 /* FilterInterfaces.swift */; };
		4C93526725436A60007E7F31 /* FilterPresenter.swift in Sources */ = {isa = PBXBuildFile; fileRef = 4C93526225436A60007E7F31 /* FilterPresenter.swift */; };
		4C93526825436A60007E7F31 /* FilterViewController.swift in Sources */ = {isa = PBXBuildFile; fileRef = 4C93526325436A60007E7F31 /* FilterViewController.swift */; };
		4C93526925436A60007E7F31 /* FilterInteractor.swift in Sources */ = {isa = PBXBuildFile; fileRef = 4C93526425436A60007E7F31 /* FilterInteractor.swift */; };
		4C93526A25436A60007E7F31 /* FilterWireframe.swift in Sources */ = {isa = PBXBuildFile; fileRef = 4C93526525436A60007E7F31 /* FilterWireframe.swift */; };
		4C93526D25437426007E7F31 /* FilterView.swift in Sources */ = {isa = PBXBuildFile; fileRef = 4C93526C25437425007E7F31 /* FilterView.swift */; };
		4C93526F254386C4007E7F31 /* NumberFormatter.swift in Sources */ = {isa = PBXBuildFile; fileRef = 4C93526E254386C4007E7F31 /* NumberFormatter.swift */; };
		4CB6893B254192D700C235A6 /* Extensions.swift in Sources */ = {isa = PBXBuildFile; fileRef = 4CB6893A254192D700C235A6 /* Extensions.swift */; };
		4CBCB7EA25456F80001CC361 /* ShopTypeView.swift in Sources */ = {isa = PBXBuildFile; fileRef = 4CBCB7E925456F80001CC361 /* ShopTypeView.swift */; };
/* End PBXBuildFile section */

/* Begin PBXFileReference section */
		4847E8A63F73D4073B15BA9D /* Pods-Tokopedia Mini Project.debug.xcconfig */ = {isa = PBXFileReference; includeInIndex = 1; lastKnownFileType = text.xcconfig; name = "Pods-Tokopedia Mini Project.debug.xcconfig"; path = "Target Support Files/Pods-Tokopedia Mini Project/Pods-Tokopedia Mini Project.debug.xcconfig"; sourceTree = "<group>"; };
		4C1070A425419BA800306C3E /* BridgingHeader.h */ = {isa = PBXFileReference; lastKnownFileType = sourcecode.c.h; path = BridgingHeader.h; sourceTree = "<group>"; };
		4C1070A625419DCE00306C3E /* ProductModel.swift */ = {isa = PBXFileReference; lastKnownFileType = sourcecode.swift; path = ProductModel.swift; sourceTree = "<group>"; };
		4C1070A82541A24700306C3E /* RequestParam.swift */ = {isa = PBXFileReference; lastKnownFileType = sourcecode.swift; path = RequestParam.swift; sourceTree = "<group>"; };
		4C1070AA2541B62100306C3E /* BaseResponse.swift */ = {isa = PBXFileReference; lastKnownFileType = sourcecode.swift; path = BaseResponse.swift; sourceTree = "<group>"; };
		4C1070AF2541DD7500306C3E /* ProductSectionController.swift */ = {isa = PBXFileReference; lastKnownFileType = sourcecode.swift; path = ProductSectionController.swift; sourceTree = "<group>"; };
		4C1070B22541DEB100306C3E /* ItemCollectionViewCell.swift */ = {isa = PBXFileReference; fileEncoding = 4; lastKnownFileType = sourcecode.swift; path = ItemCollectionViewCell.swift; sourceTree = "<group>"; };
		4C690DFC25418FDC0097E0C5 /* Tokopedia Mini Project.app */ = {isa = PBXFileReference; explicitFileType = wrapper.application; includeInIndex = 0; path = "Tokopedia Mini Project.app"; sourceTree = BUILT_PRODUCTS_DIR; };
		4C690DFF25418FDC0097E0C5 /* AppDelegate.swift */ = {isa = PBXFileReference; lastKnownFileType = sourcecode.swift; path = AppDelegate.swift; sourceTree = "<group>"; };
		4C690E0125418FDC0097E0C5 /* SceneDelegate.swift */ = {isa = PBXFileReference; lastKnownFileType = sourcecode.swift; path = SceneDelegate.swift; sourceTree = "<group>"; };
		4C690E0825418FDF0097E0C5 /* Assets.xcassets */ = {isa = PBXFileReference; lastKnownFileType = folder.assetcatalog; path = Assets.xcassets; sourceTree = "<group>"; };
		4C690E0B25418FDF0097E0C5 /* Base */ = {isa = PBXFileReference; lastKnownFileType = file.storyboard; name = Base; path = Base.lproj/LaunchScreen.storyboard; sourceTree = "<group>"; };
		4C690E0D25418FDF0097E0C5 /* Info.plist */ = {isa = PBXFileReference; lastKnownFileType = text.plist.xml; path = Info.plist; sourceTree = "<group>"; };
		4C690E142541905F0097E0C5 /* SearchInterfaces.swift */ = {isa = PBXFileReference; lastKnownFileType = sourcecode.swift; path = SearchInterfaces.swift; sourceTree = "<group>"; };
		4C690E152541905F0097E0C5 /* SearchPresenter.swift */ = {isa = PBXFileReference; lastKnownFileType = sourcecode.swift; path = SearchPresenter.swift; sourceTree = "<group>"; };
		4C690E162541905F0097E0C5 /* SearchViewController.swift */ = {isa = PBXFileReference; lastKnownFileType = sourcecode.swift; path = SearchViewController.swift; sourceTree = "<group>"; };
		4C690E172541905F0097E0C5 /* SearchInteractor.swift */ = {isa = PBXFileReference; lastKnownFileType = sourcecode.swift; path = SearchInteractor.swift; sourceTree = "<group>"; };
		4C690E182541905F0097E0C5 /* SearchWireframe.swift */ = {isa = PBXFileReference; lastKnownFileType = sourcecode.swift; path = SearchWireframe.swift; sourceTree = "<group>"; };
		4C690E1F254190930097E0C5 /* BaseWireframe.swift */ = {isa = PBXFileReference; fileEncoding = 4; lastKnownFileType = sourcecode.swift; path = BaseWireframe.swift; sourceTree = "<group>"; };
		4C690E21254190930097E0C5 /* PresenterInterface.swift */ = {isa = PBXFileReference; fileEncoding = 4; lastKnownFileType = sourcecode.swift; path = PresenterInterface.swift; sourceTree = "<group>"; };
		4C690E22254190930097E0C5 /* ViewInterface.swift */ = {isa = PBXFileReference; fileEncoding = 4; lastKnownFileType = sourcecode.swift; path = ViewInterface.swift; sourceTree = "<group>"; };
		4C690E23254190930097E0C5 /* InteractorInterface.swift */ = {isa = PBXFileReference; fileEncoding = 4; lastKnownFileType = sourcecode.swift; path = InteractorInterface.swift; sourceTree = "<group>"; };
		4C93526125436A60007E7F31 /* FilterInterfaces.swift */ = {isa = PBXFileReference; lastKnownFileType = sourcecode.swift; path = FilterInterfaces.swift; sourceTree = "<group>"; };
		4C93526225436A60007E7F31 /* FilterPresenter.swift */ = {isa = PBXFileReference; lastKnownFileType = sourcecode.swift; path = FilterPresenter.swift; sourceTree = "<group>"; };
		4C93526325436A60007E7F31 /* FilterViewController.swift */ = {isa = PBXFileReference; lastKnownFileType = sourcecode.swift; path = FilterViewController.swift; sourceTree = "<group>"; };
		4C93526425436A60007E7F31 /* FilterInteractor.swift */ = {isa = PBXFileReference; lastKnownFileType = sourcecode.swift; path = FilterInteractor.swift; sourceTree = "<group>"; };
		4C93526525436A60007E7F31 /* FilterWireframe.swift */ = {isa = PBXFileReference; lastKnownFileType = sourcecode.swift; path = FilterWireframe.swift; sourceTree = "<group>"; };
		4C93526C25437425007E7F31 /* FilterView.swift */ = {isa = PBXFileReference; lastKnownFileType = sourcecode.swift; path = FilterView.swift; sourceTree = "<group>"; };
		4C93526E254386C4007E7F31 /* NumberFormatter.swift */ = {isa = PBXFileReference; fileEncoding = 4; lastKnownFileType = sourcecode.swift; path = NumberFormatter.swift; sourceTree = "<group>"; };
		4CB6893A254192D700C235A6 /* Extensions.swift */ = {isa = PBXFileReference; fileEncoding = 4; lastKnownFileType = sourcecode.swift; name = Extensions.swift; path = ../Viper/Extensions.swift; sourceTree = "<group>"; };
		4CBCB7E925456F80001CC361 /* ShopTypeView.swift */ = {isa = PBXFileReference; lastKnownFileType = sourcecode.swift; path = ShopTypeView.swift; sourceTree = "<group>"; };
		7974D24B277FE1D7418A18A8 /* Pods_Tokopedia_Mini_Project.framework */ = {isa = PBXFileReference; explicitFileType = wrapper.framework; includeInIndex = 0; path = Pods_Tokopedia_Mini_Project.framework; sourceTree = BUILT_PRODUCTS_DIR; };
		DEC84A32B0FF719207728325 /* Pods-Tokopedia Mini Project.release.xcconfig */ = {isa = PBXFileReference; includeInIndex = 1; lastKnownFileType = text.xcconfig; name = "Pods-Tokopedia Mini Project.release.xcconfig"; path = "Target Support Files/Pods-Tokopedia Mini Project/Pods-Tokopedia Mini Project.release.xcconfig"; sourceTree = "<group>"; };
/* End PBXFileReference section */

/* Begin PBXFrameworksBuildPhase section */
		4C690DF925418FDC0097E0C5 /* Frameworks */ = {
			isa = PBXFrameworksBuildPhase;
			buildActionMask = 2147483647;
			files = (
				005B18A7F34B9B8FCD6178D4 /* Pods_Tokopedia_Mini_Project.framework in Frameworks */,
			);
			runOnlyForDeploymentPostprocessing = 0;
		};
/* End PBXFrameworksBuildPhase section */

/* Begin PBXGroup section */
		4C1070A525419DB900306C3E /* Model */ = {
			isa = PBXGroup;
			children = (
				4C1070A625419DCE00306C3E /* ProductModel.swift */,
				4C1070A82541A24700306C3E /* RequestParam.swift */,
				4C1070AA2541B62100306C3E /* BaseResponse.swift */,
			);
			path = Model;
			sourceTree = "<group>";
		};
		4C1070AE2541DD5900306C3E /* SectionController */ = {
			isa = PBXGroup;
			children = (
				4C1070AF2541DD7500306C3E /* ProductSectionController.swift */,
			);
			path = SectionController;
			sourceTree = "<group>";
		};
		4C1070B12541DEB100306C3E /* Cell */ = {
			isa = PBXGroup;
			children = (
				4C1070B22541DEB100306C3E /* ItemCollectionViewCell.swift */,
			);
			path = Cell;
			sourceTree = "<group>";
		};
		4C690DF325418FDC0097E0C5 = {
			isa = PBXGroup;
			children = (
				4C690DFE25418FDC0097E0C5 /* Tokopedia Mini Project */,
				4C690DFD25418FDC0097E0C5 /* Products */,
				9D4D9E079658D4DD8DDA0D33 /* Pods */,
				B43DCE1B9322F3A9FC2BB051 /* Frameworks */,
			);
			sourceTree = "<group>";
		};
		4C690DFD25418FDC0097E0C5 /* Products */ = {
			isa = PBXGroup;
			children = (
				4C690DFC25418FDC0097E0C5 /* Tokopedia Mini Project.app */,
			);
			name = Products;
			sourceTree = "<group>";
		};
		4C690DFE25418FDC0097E0C5 /* Tokopedia Mini Project */ = {
			isa = PBXGroup;
			children = (
				4C93526025436A46007E7F31 /* Filter */,
				4C1070B12541DEB100306C3E /* Cell */,
				4C1070A525419DB900306C3E /* Model */,
				4CB6893C254193BA00C235A6 /* Utility */,
				4C690E1E254190920097E0C5 /* Viper */,
				4C690E13254190450097E0C5 /* Search */,
				4C690DFF25418FDC0097E0C5 /* AppDelegate.swift */,
				4C690E0125418FDC0097E0C5 /* SceneDelegate.swift */,
				4C690E0825418FDF0097E0C5 /* Assets.xcassets */,
				4C690E0A25418FDF0097E0C5 /* LaunchScreen.storyboard */,
				4C690E0D25418FDF0097E0C5 /* Info.plist */,
				4C1070A425419BA800306C3E /* BridgingHeader.h */,
			);
			path = "Tokopedia Mini Project";
			sourceTree = "<group>";
		};
		4C690E13254190450097E0C5 /* Search */ = {
			isa = PBXGroup;
			children = (
				4C1070AE2541DD5900306C3E /* SectionController */,
				4C690E142541905F0097E0C5 /* SearchInterfaces.swift */,
				4C690E152541905F0097E0C5 /* SearchPresenter.swift */,
				4C690E162541905F0097E0C5 /* SearchViewController.swift */,
				4C690E172541905F0097E0C5 /* SearchInteractor.swift */,
				4C690E182541905F0097E0C5 /* SearchWireframe.swift */,
			);
			path = Search;
			sourceTree = "<group>";
		};
		4C690E1E254190920097E0C5 /* Viper */ = {
			isa = PBXGroup;
			children = (
				4C690E1F254190930097E0C5 /* BaseWireframe.swift */,
				4C690E21254190930097E0C5 /* PresenterInterface.swift */,
				4C690E22254190930097E0C5 /* ViewInterface.swift */,
				4C690E23254190930097E0C5 /* InteractorInterface.swift */,
			);
			path = Viper;
			sourceTree = "<group>";
		};
		4C93526025436A46007E7F31 /* Filter */ = {
			isa = PBXGroup;
			children = (
				4C93526B2543740D007E7F31 /* View */,
				4C93526125436A60007E7F31 /* FilterInterfaces.swift */,
				4C93526225436A60007E7F31 /* FilterPresenter.swift */,
				4C93526325436A60007E7F31 /* FilterViewController.swift */,
				4C93526425436A60007E7F31 /* FilterInteractor.swift */,
				4C93526525436A60007E7F31 /* FilterWireframe.swift */,
			);
			path = Filter;
			sourceTree = "<group>";
		};
		4C93526B2543740D007E7F31 /* View */ = {
			isa = PBXGroup;
			children = (
				4C93526C25437425007E7F31 /* FilterView.swift */,
				4CBCB7E925456F80001CC361 /* ShopTypeView.swift */,
			);
			path = View;
			sourceTree = "<group>";
		};
		4CB6893C254193BA00C235A6 /* Utility */ = {
			isa = PBXGroup;
			children = (
				4C93526E254386C4007E7F31 /* NumberFormatter.swift */,
				4CB6893A254192D700C235A6 /* Extensions.swift */,
			);
			path = Utility;
			sourceTree = "<group>";
		};
		9D4D9E079658D4DD8DDA0D33 /* Pods */ = {
			isa = PBXGroup;
			children = (
				4847E8A63F73D4073B15BA9D /* Pods-Tokopedia Mini Project.debug.xcconfig */,
				DEC84A32B0FF719207728325 /* Pods-Tokopedia Mini Project.release.xcconfig */,
			);
			path = Pods;
			sourceTree = "<group>";
		};
		B43DCE1B9322F3A9FC2BB051 /* Frameworks */ = {
			isa = PBXGroup;
			children = (
				7974D24B277FE1D7418A18A8 /* Pods_Tokopedia_Mini_Project.framework */,
			);
			name = Frameworks;
			sourceTree = "<group>";
		};
/* End PBXGroup section */

/* Begin PBXNativeTarget section */
		4C690DFB25418FDC0097E0C5 /* Tokopedia Mini Project */ = {
			isa = PBXNativeTarget;
			buildConfigurationList = 4C690E1025418FDF0097E0C5 /* Build configuration list for PBXNativeTarget "Tokopedia Mini Project" */;
			buildPhases = (
				D7BE7D8E9CB496ACB47D32AB /* [CP] Check Pods Manifest.lock */,
				4C690DF825418FDC0097E0C5 /* Sources */,
				4C690DF925418FDC0097E0C5 /* Frameworks */,
				4C690DFA25418FDC0097E0C5 /* Resources */,
				5F2DD9C12CE0E10D7AEE3665 /* [CP] Embed Pods Frameworks */,
			);
			buildRules = (
			);
			dependencies = (
			);
			name = "Tokopedia Mini Project";
			productName = "Tokopedia Mini Project";
			productReference = 4C690DFC25418FDC0097E0C5 /* Tokopedia Mini Project.app */;
			productType = "com.apple.product-type.application";
		};
/* End PBXNativeTarget section */

/* Begin PBXProject section */
		4C690DF425418FDC0097E0C5 /* Project object */ = {
			isa = PBXProject;
			attributes = {
				LastSwiftUpdateCheck = 1170;
				LastUpgradeCheck = 1170;
				ORGANIZATIONNAME = "FDN-Fajri Ramadhan";
				TargetAttributes = {
					4C690DFB25418FDC0097E0C5 = {
						CreatedOnToolsVersion = 11.7;
					};
				};
			};
			buildConfigurationList = 4C690DF725418FDC0097E0C5 /* Build configuration list for PBXProject "Tokopedia Mini Project" */;
			compatibilityVersion = "Xcode 9.3";
			developmentRegion = en;
			hasScannedForEncodings = 0;
			knownRegions = (
				en,
				Base,
			);
			mainGroup = 4C690DF325418FDC0097E0C5;
			productRefGroup = 4C690DFD25418FDC0097E0C5 /* Products */;
			projectDirPath = "";
			projectRoot = "";
			targets = (
				4C690DFB25418FDC0097E0C5 /* Tokopedia Mini Project */,
			);
		};
/* End PBXProject section */

/* Begin PBXResourcesBuildPhase section */
		4C690DFA25418FDC0097E0C5 /* Resources */ = {
			isa = PBXResourcesBuildPhase;
			buildActionMask = 2147483647;
			files = (
				4C690E0C25418FDF0097E0C5 /* LaunchScreen.storyboard in Resources */,
				4C690E0925418FDF0097E0C5 /* Assets.xcassets in Resources */,
			);
			runOnlyForDeploymentPostprocessing = 0;
		};
/* End PBXResourcesBuildPhase section */

/* Begin PBXShellScriptBuildPhase section */
		5F2DD9C12CE0E10D7AEE3665 /* [CP] Embed Pods Frameworks */ = {
			isa = PBXShellScriptBuildPhase;
			buildActionMask = 2147483647;
			files = (
			);
			inputFileListPaths = (
				"${PODS_ROOT}/Target Support Files/Pods-Tokopedia Mini Project/Pods-Tokopedia Mini Project-frameworks-${CONFIGURATION}-input-files.xcfilelist",
			);
			name = "[CP] Embed Pods Frameworks";
			outputFileListPaths = (
				"${PODS_ROOT}/Target Support Files/Pods-Tokopedia Mini Project/Pods-Tokopedia Mini Project-frameworks-${CONFIGURATION}-output-files.xcfilelist",
			);
			runOnlyForDeploymentPostprocessing = 0;
			shellPath = /bin/sh;
			shellScript = "\"${PODS_ROOT}/Target Support Files/Pods-Tokopedia Mini Project/Pods-Tokopedia Mini Project-frameworks.sh\"\n";
			showEnvVarsInLog = 0;
		};
		D7BE7D8E9CB496ACB47D32AB /* [CP] Check Pods Manifest.lock */ = {
			isa = PBXShellScriptBuildPhase;
			buildActionMask = 2147483647;
			files = (
			);
			inputFileListPaths = (
			);
			inputPaths = (
				"${PODS_PODFILE_DIR_PATH}/Podfile.lock",
				"${PODS_ROOT}/Manifest.lock",
			);
			name = "[CP] Check Pods Manifest.lock";
			outputFileListPaths = (
			);
			outputPaths = (
				"$(DERIVED_FILE_DIR)/Pods-Tokopedia Mini Project-checkManifestLockResult.txt",
			);
			runOnlyForDeploymentPostprocessing = 0;
			shellPath = /bin/sh;
			shellScript = "diff \"${PODS_PODFILE_DIR_PATH}/Podfile.lock\" \"${PODS_ROOT}/Manifest.lock\" > /dev/null\nif [ $? != 0 ] ; then\n    # print error to STDERR\n    echo \"error: The sandbox is not in sync with the Podfile.lock. Run 'pod install' or update your CocoaPods installation.\" >&2\n    exit 1\nfi\n# This output is used by Xcode 'outputs' to avoid re-running this script phase.\necho \"SUCCESS\" > \"${SCRIPT_OUTPUT_FILE_0}\"\n";
			showEnvVarsInLog = 0;
		};
/* End PBXShellScriptBuildPhase section */

/* Begin PBXSourcesBuildPhase section */
		4C690DF825418FDC0097E0C5 /* Sources */ = {
			isa = PBXSourcesBuildPhase;
			buildActionMask = 2147483647;
			files = (
				4C1070AB2541B62100306C3E /* BaseResponse.swift in Sources */,
				4C1070A725419DCE00306C3E /* ProductModel.swift in Sources */,
				4C93526925436A60007E7F31 /* FilterInteractor.swift in Sources */,
				4CBCB7EA25456F80001CC361 /* ShopTypeView.swift in Sources */,
				4C690E28254190930097E0C5 /* InteractorInterface.swift in Sources */,
				4C1070B02541DD7500306C3E /* ProductSectionController.swift in Sources */,
				4C690E1C2541905F0097E0C5 /* SearchInteractor.swift in Sources */,
				4C93526D25437426007E7F31 /* FilterView.swift in Sources */,
				4C690E1D2541905F0097E0C5 /* SearchWireframe.swift in Sources */,
				4C690E1B2541905F0097E0C5 /* SearchViewController.swift in Sources */,
				4C93526725436A60007E7F31 /* FilterPresenter.swift in Sources */,
				4C1070B32541DEB100306C3E /* ItemCollectionViewCell.swift in Sources */,
				4C690E24254190930097E0C5 /* BaseWireframe.swift in Sources */,
				4C690E26254190930097E0C5 /* PresenterInterface.swift in Sources */,
				4C93526F254386C4007E7F31 /* NumberFormatter.swift in Sources */,
				4C93526A25436A60007E7F31 /* FilterWireframe.swift in Sources */,
				4C1070A92541A24700306C3E /* RequestParam.swift in Sources */,
				4C690E0025418FDC0097E0C5 /* AppDelegate.swift in Sources */,
				4CB6893B254192D700C235A6 /* Extensions.swift in Sources */,
				4C93526825436A60007E7F31 /* FilterViewController.swift in Sources */,
				4C93526625436A60007E7F31 /* FilterInterfaces.swift in Sources */,
				4C690E192541905F0097E0C5 /* SearchInterfaces.swift in Sources */,
				4C690E1A2541905F0097E0C5 /* SearchPresenter.swift in Sources */,
				4C690E0225418FDC0097E0C5 /* SceneDelegate.swift in Sources */,
				4C690E27254190930097E0C5 /* ViewInterface.swift in Sources */,
			);
			runOnlyForDeploymentPostprocessing = 0;
		};
/* End PBXSourcesBuildPhase section */

/* Begin PBXVariantGroup section */
		4C690E0A25418FDF0097E0C5 /* LaunchScreen.storyboard */ = {
			isa = PBXVariantGroup;
			children = (
				4C690E0B25418FDF0097E0C5 /* Base */,
			);
			name = LaunchScreen.storyboard;
			sourceTree = "<group>";
		};
/* End PBXVariantGroup section */

/* Begin XCBuildConfiguration section */
		4C690E0E25418FDF0097E0C5 /* Debug */ = {
			isa = XCBuildConfiguration;
			buildSettings = {
				ALWAYS_SEARCH_USER_PATHS = NO;
				CLANG_ANALYZER_NONNULL = YES;
				CLANG_ANALYZER_NUMBER_OBJECT_CONVERSION = YES_AGGRESSIVE;
				CLANG_CXX_LANGUAGE_STANDARD = "gnu++14";
				CLANG_CXX_LIBRARY = "libc++";
				CLANG_ENABLE_MODULES = YES;
				CLANG_ENABLE_OBJC_ARC = YES;
				CLANG_ENABLE_OBJC_WEAK = YES;
				CLANG_WARN_BLOCK_CAPTURE_AUTORELEASING = YES;
				CLANG_WARN_BOOL_CONVERSION = YES;
				CLANG_WARN_COMMA = YES;
				CLANG_WARN_CONSTANT_CONVERSION = YES;
				CLANG_WARN_DEPRECATED_OBJC_IMPLEMENTATIONS = YES;
				CLANG_WARN_DIRECT_OBJC_ISA_USAGE = YES_ERROR;
				CLANG_WARN_DOCUMENTATION_COMMENTS = YES;
				CLANG_WARN_EMPTY_BODY = YES;
				CLANG_WARN_ENUM_CONVERSION = YES;
				CLANG_WARN_INFINITE_RECURSION = YES;
				CLANG_WARN_INT_CONVERSION = YES;
				CLANG_WARN_NON_LITERAL_NULL_CONVERSION = YES;
				CLANG_WARN_OBJC_IMPLICIT_RETAIN_SELF = YES;
				CLANG_WARN_OBJC_LITERAL_CONVERSION = YES;
				CLANG_WARN_OBJC_ROOT_CLASS = YES_ERROR;
				CLANG_WARN_RANGE_LOOP_ANALYSIS = YES;
				CLANG_WARN_STRICT_PROTOTYPES = YES;
				CLANG_WARN_SUSPICIOUS_MOVE = YES;
				CLANG_WARN_UNGUARDED_AVAILABILITY = YES_AGGRESSIVE;
				CLANG_WARN_UNREACHABLE_CODE = YES;
				CLANG_WARN__DUPLICATE_METHOD_MATCH = YES;
				COPY_PHASE_STRIP = NO;
				DEBUG_INFORMATION_FORMAT = dwarf;
				ENABLE_STRICT_OBJC_MSGSEND = YES;
				ENABLE_TESTABILITY = YES;
				GCC_C_LANGUAGE_STANDARD = gnu11;
				GCC_DYNAMIC_NO_PIC = NO;
				GCC_NO_COMMON_BLOCKS = YES;
				GCC_OPTIMIZATION_LEVEL = 0;
				GCC_PREPROCESSOR_DEFINITIONS = (
					"DEBUG=1",
					"$(inherited)",
				);
				GCC_WARN_64_TO_32_BIT_CONVERSION = YES;
				GCC_WARN_ABOUT_RETURN_TYPE = YES_ERROR;
				GCC_WARN_UNDECLARED_SELECTOR = YES;
				GCC_WARN_UNINITIALIZED_AUTOS = YES_AGGRESSIVE;
				GCC_WARN_UNUSED_FUNCTION = YES;
				GCC_WARN_UNUSED_VARIABLE = YES;
				IPHONEOS_DEPLOYMENT_TARGET = 13.7;
				MTL_ENABLE_DEBUG_INFO = INCLUDE_SOURCE;
				MTL_FAST_MATH = YES;
				ONLY_ACTIVE_ARCH = YES;
				SDKROOT = iphoneos;
				SWIFT_ACTIVE_COMPILATION_CONDITIONS = DEBUG;
				SWIFT_OPTIMIZATION_LEVEL = "-Onone";
			};
			name = Debug;
		};
		4C690E0F25418FDF0097E0C5 /* Release */ = {
			isa = XCBuildConfiguration;
			buildSettings = {
				ALWAYS_SEARCH_USER_PATHS = NO;
				CLANG_ANALYZER_NONNULL = YES;
				CLANG_ANALYZER_NUMBER_OBJECT_CONVERSION = YES_AGGRESSIVE;
				CLANG_CXX_LANGUAGE_STANDARD = "gnu++14";
				CLANG_CXX_LIBRARY = "libc++";
				CLANG_ENABLE_MODULES = YES;
				CLANG_ENABLE_OBJC_ARC = YES;
				CLANG_ENABLE_OBJC_WEAK = YES;
				CLANG_WARN_BLOCK_CAPTURE_AUTORELEASING = YES;
				CLANG_WARN_BOOL_CONVERSION = YES;
				CLANG_WARN_COMMA = YES;
				CLANG_WARN_CONSTANT_CONVERSION = YES;
				CLANG_WARN_DEPRECATED_OBJC_IMPLEMENTATIONS = YES;
				CLANG_WARN_DIRECT_OBJC_ISA_USAGE = YES_ERROR;
				CLANG_WARN_DOCUMENTATION_COMMENTS = YES;
				CLANG_WARN_EMPTY_BODY = YES;
				CLANG_WARN_ENUM_CONVERSION = YES;
				CLANG_WARN_INFINITE_RECURSION = YES;
				CLANG_WARN_INT_CONVERSION = YES;
				CLANG_WARN_NON_LITERAL_NULL_CONVERSION = YES;
				CLANG_WARN_OBJC_IMPLICIT_RETAIN_SELF = YES;
				CLANG_WARN_OBJC_LITERAL_CONVERSION = YES;
				CLANG_WARN_OBJC_ROOT_CLASS = YES_ERROR;
				CLANG_WARN_RANGE_LOOP_ANALYSIS = YES;
				CLANG_WARN_STRICT_PROTOTYPES = YES;
				CLANG_WARN_SUSPICIOUS_MOVE = YES;
				CLANG_WARN_UNGUARDED_AVAILABILITY = YES_AGGRESSIVE;
				CLANG_WARN_UNREACHABLE_CODE = YES;
				CLANG_WARN__DUPLICATE_METHOD_MATCH = YES;
				COPY_PHASE_STRIP = NO;
				DEBUG_INFORMATION_FORMAT = "dwarf-with-dsym";
				ENABLE_NS_ASSERTIONS = NO;
				ENABLE_STRICT_OBJC_MSGSEND = YES;
				GCC_C_LANGUAGE_STANDARD = gnu11;
				GCC_NO_COMMON_BLOCKS = YES;
				GCC_WARN_64_TO_32_BIT_CONVERSION = YES;
				GCC_WARN_ABOUT_RETURN_TYPE = YES_ERROR;
				GCC_WARN_UNDECLARED_SELECTOR = YES;
				GCC_WARN_UNINITIALIZED_AUTOS = YES_AGGRESSIVE;
				GCC_WARN_UNUSED_FUNCTION = YES;
				GCC_WARN_UNUSED_VARIABLE = YES;
				IPHONEOS_DEPLOYMENT_TARGET = 13.7;
				MTL_ENABLE_DEBUG_INFO = NO;
				MTL_FAST_MATH = YES;
				SDKROOT = iphoneos;
				SWIFT_COMPILATION_MODE = wholemodule;
				SWIFT_OPTIMIZATION_LEVEL = "-O";
				VALIDATE_PRODUCT = YES;
			};
			name = Release;
		};
		4C690E1125418FDF0097E0C5 /* Debug */ = {
			isa = XCBuildConfiguration;
			baseConfigurationReference = 4847E8A63F73D4073B15BA9D /* Pods-Tokopedia Mini Project.debug.xcconfig */;
			buildSettings = {
				ASSETCATALOG_COMPILER_APPICON_NAME = AppIcon;
				CODE_SIGN_STYLE = Automatic;
				DEVELOPMENT_TEAM = DK7GY48Y3X;
				INFOPLIST_FILE = "Tokopedia Mini Project/Info.plist";
				LD_RUNPATH_SEARCH_PATHS = (
					"$(inherited)",
					"@executable_path/Frameworks",
				);
				PRODUCT_BUNDLE_IDENTIFIER = "Binus.Tokopedia-Mini-Project";
				PRODUCT_NAME = "$(TARGET_NAME)";
				SWIFT_OBJC_BRIDGING_HEADER = "/Users/fdn-fajri/Documents/Kuliah/Tokopedia Mini Project/Tokopedia Mini Project/BridgingHeader.h";
				SWIFT_VERSION = 5.0;
				TARGETED_DEVICE_FAMILY = "1,2";
			};
			name = Debug;
		};
		4C690E1225418FDF0097E0C5 /* Release */ = {
			isa = XCBuildConfiguration;
			baseConfigurationReference = DEC84A32B0FF719207728325 /* Pods-Tokopedia Mini Project.release.xcconfig */;
			buildSettings = {
				ASSETCATALOG_COMPILER_APPICON_NAME = AppIcon;
				CODE_SIGN_STYLE = Automatic;
				DEVELOPMENT_TEAM = DK7GY48Y3X;
				INFOPLIST_FILE = "Tokopedia Mini Project/Info.plist";
				LD_RUNPATH_SEARCH_PATHS = (
					"$(inherited)",
					"@executable_path/Frameworks",
				);
				PRODUCT_BUNDLE_IDENTIFIER = "Binus.Tokopedia-Mini-Project";
				PRODUCT_NAME = "$(TARGET_NAME)";
				SWIFT_OBJC_BRIDGING_HEADER = "/Users/fdn-fajri/Documents/Kuliah/Tokopedia Mini Project/Tokopedia Mini Project/BridgingHeader.h";
				SWIFT_VERSION = 5.0;
				TARGETED_DEVICE_FAMILY = "1,2";
			};
			name = Release;
		};
/* End XCBuildConfiguration section */

/* Begin XCConfigurationList section */
		4C690DF725418FDC0097E0C5 /* Build configuration list for PBXProject "Tokopedia Mini Project" */ = {
			isa = XCConfigurationList;
			buildConfigurations = (
				4C690E0E25418FDF0097E0C5 /* Debug */,
				4C690E0F25418FDF0097E0C5 /* Release */,
			);
			defaultConfigurationIsVisible = 0;
			defaultConfigurationName = Release;
		};
		4C690E1025418FDF0097E0C5 /* Build configuration list for PBXNativeTarget "Tokopedia Mini Project" */ = {
			isa = XCConfigurationList;
			buildConfigurations = (
				4C690E1125418FDF0097E0C5 /* Debug */,
				4C690E1225418FDF0097E0C5 /* Release */,
			);
			defaultConfigurationIsVisible = 0;
			defaultConfigurationName = Release;
		};
/* End XCConfigurationList section */
	};
	rootObject = 4C690DF425418FDC0097E0C5 /* Project object */;
}
